
Microsoft Visual Studio Solution File, Format Version 10.00
# Visual Studio 2008
Project("{FAE04EC0-301F-11D3-BF4B-00C04F79EFBC}") = "NudeDetect", "NudeDetect\NudeDetect.csproj", "{2432644C-F261-4AAA-B091-8110A1266F60}"
EndProject
Project("{FAE04EC0-301F-11D3-BF4B-00C04F79EFBC}") = "NudeDetectLib", "NudeDetectLib\NudeDetectLib.csproj", "{65CA066D-2F10-4F65-84D3-2978681DBA6E}"
EndProject
Global
	GlobalSection(SolutionConfigurationPlatforms) = preSolution
		Debug|Any CPU = Debug|Any CPU
		Release|Any CPU = Release|Any CPU
	EndGlobalSection
	GlobalSection(ProjectConfigurationPlatforms) = postSolution
		{2432644C-F261-4AAA-B091-8110A1266F60}.Debug|Any CPU.ActiveCfg = Debug|Any CPU
		{2432644C-F261-4AAA-B091-8110A1266F60}.Debug|Any CPU.Build.0 = Debug|Any CPU
		{2432644C-F261-4AAA-B091-8110A1266F60}.Release|Any CPU.ActiveCfg = Release|Any CPU
		{2432644C-F261-4AAA-B091-8110A1266F60}.Release|Any CPU.Build.0 = Release|Any CPU
		{65CA066D-2F10-4F65-84D3-2978681DBA6E}.Debug|Any CPU.ActiveCfg = Debug|Any CPU
		{65CA066D-2F10-4F65-84D3-2978681DBA6E}.Debug|Any CPU.Build.0 = Debug|Any CPU
		{65CA066D-2F10-4F65-84D3-2978681DBA6E}.Release|Any CPU.ActiveCfg = Release|Any CPU
		{65CA066D-2F10-4F65-84D3-2978681DBA6E}.Release|Any CPU.Build.0 = Release|Any CPU
	EndGlobalSection
	GlobalSection(SolutionProperties) = preSolution
		HideSolutionNode = FALSE
	EndGlobalSection
EndGlobal
